
Microsoft Visual Studio Solution File, Format Version 12.00
# Visual Studio 15
VisualStudioVersion = 15.0.27703.2026
MinimumVisualStudioVersion = 10.0.40219.1
Project("{FAE04EC0-301F-11D3-BF4B-00C04F79EFBC}") = "Neurosky_RawEEG_dataCollection", "Neurosky_RawEEG_dataCollection\Neurosky_RawEEG_dataCollection.csproj", "{F76B4965-9875-4149-B199-36EADB1C5451}"
EndProject
Global
	GlobalSection(SolutionConfigurationPlatforms) = preSolution
		Debug|Any CPU = Debug|Any CPU
		Release|Any CPU = Release|Any CPU
	EndGlobalSection
	GlobalSection(ProjectConfigurationPlatforms) = postSolution
		{F76B4965-9875-4149-B199-36EADB1C5451}.Debug|Any CPU.ActiveCfg = Debug|Any CPU
		{F76B4965-9875-4149-B199-36EADB1C5451}.Debug|Any CPU.Build.0 = Debug|Any CPU
		{F76B4965-9875-4149-B199-36EADB1C5451}.Release|Any CPU.ActiveCfg = Release|Any CPU
		{F76B4965-9875-4149-B199-36EADB1C5451}.Release|Any CPU.Build.0 = Release|Any CPU
	EndGlobalSection
	GlobalSection(SolutionProperties) = preSolution
		HideSolutionNode = FALSE
	EndGlobalSection
	GlobalSection(ExtensibilityGlobals) = postSolution
		SolutionGuid = {83A18CEE-40E9-4591-BF3F-35C126FEB8AC}
	EndGlobalSection
EndGlobal
